
Microsoft Visual Studio Solution File, Format Version 12.00
# Visual Studio Version 17
VisualStudioVersion = 17.2.32616.157
MinimumVisualStudioVersion = 10.0.40219.1
Project("{9A19103F-16F7-4668-BE54-9A1E7A4F7556}") = "Lesson_02", "Lesson_02\Lesson_02.csproj", "{F46D6DAC-1AD8-4777-A8AE-170592AF381D}"
EndProject
Project("{9A19103F-16F7-4668-BE54-9A1E7A4F7556}") = "Lesson_03", "Lesson_03\Lesson_03.csproj", "{4B6786CC-216D-45CB-B16B-30F7B13F82C5}"
EndProject
Project("{9A19103F-16F7-4668-BE54-9A1E7A4F7556}") = "Lesson_04", "Lesson_04\Lesson_04.csproj", "{933CD0B2-36C3-456D-8E8C-72313E1ACDC2}"
EndProject
Project("{9A19103F-16F7-4668-BE54-9A1E7A4F7556}") = "Loop", "Loop\Loop.csproj", "{EE05F027-FCAB-4D0F-82A6-4AC796716C9D}"
EndProject
Project("{9A19103F-16F7-4668-BE54-9A1E7A4F7556}") = "GoTo", "GoTo\GoTo.csproj", "{DBECE481-FA05-4978-B1F4-5B5ACB6154B3}"
EndProject
Project("{9A19103F-16F7-4668-BE54-9A1E7A4F7556}") = "Coloring", "Coloring\Coloring.csproj", "{A0DC2601-21AC-402C-911C-99B7FC1C5871}"
EndProject
Project("{9A19103F-16F7-4668-BE54-9A1E7A4F7556}") = "SwitchCase", "SwitchCase\SwitchCase.csproj", "{BD6636DA-E55E-4C7B-828F-8031664BBE96}"
EndProject
Project("{9A19103F-16F7-4668-BE54-9A1E7A4F7556}") = "Factorial", "Factorial\Factorial.csproj", "{7E76ED05-B8AD-43F1-AD65-ABFB63085ABA}"
EndProject
Project("{9A19103F-16F7-4668-BE54-9A1E7A4F7556}") = "Fibonachi", "Fibonachi\Fibonachi.csproj", "{D001964E-80B9-46AE-9162-250DC4BB26B3}"
EndProject
Project("{9A19103F-16F7-4668-BE54-9A1E7A4F7556}") = "MultyPlayTable", "MultyPlayTable\MultyPlayTable.csproj", "{D920203C-B118-4CD3-95D3-B6E16CBCF0D3}"
EndProject
Project("{9A19103F-16F7-4668-BE54-9A1E7A4F7556}") = "MyArray", "MyArray\MyArray.csproj", "{4F97B072-514B-42FF-BF9B-7AFF8135A02C}"
EndProject
Project("{9A19103F-16F7-4668-BE54-9A1E7A4F7556}") = "ArrayClass", "ArrayClass\ArrayClass.csproj", "{95FAE5E9-DB96-457F-B397-E30EE79B2403}"
EndProject
Project("{9A19103F-16F7-4668-BE54-9A1E7A4F7556}") = "myArrayList", "myArrayList\myArrayList.csproj", "{D88FB6BA-3992-4E4C-BC41-F7DA2FE1A061}"
EndProject
Project("{9A19103F-16F7-4668-BE54-9A1E7A4F7556}") = "TryParse", "TryParse\TryParse.csproj", "{7FFAA659-9B38-4E86-98BF-42D3277A7FF8}"
EndProject
Project("{FAE04EC0-301F-11D3-BF4B-00C04F79EFBC}") = "Matrix", "Matrix\Matrix.csproj", "{BE4FCE87-4404-4A24-B637-58757DFBB920}"
EndProject
Project("{FAE04EC0-301F-11D3-BF4B-00C04F79EFBC}") = "MatrixDioganal", "MatrixDioganal\MatrixDioganal.csproj", "{73975800-B7FB-4507-A604-CAAE01ADBBB0}"
EndProject
Global
	GlobalSection(SolutionConfigurationPlatforms) = preSolution
		Debug|Any CPU = Debug|Any CPU
		Release|Any CPU = Release|Any CPU
	EndGlobalSection
	GlobalSection(ProjectConfigurationPlatforms) = postSolution
		{F46D6DAC-1AD8-4777-A8AE-170592AF381D}.Debug|Any CPU.ActiveCfg = Debug|Any CPU
		{F46D6DAC-1AD8-4777-A8AE-170592AF381D}.Debug|Any CPU.Build.0 = Debug|Any CPU
		{F46D6DAC-1AD8-4777-A8AE-170592AF381D}.Release|Any CPU.ActiveCfg = Release|Any CPU
		{F46D6DAC-1AD8-4777-A8AE-170592AF381D}.Release|Any CPU.Build.0 = Release|Any CPU
		{4B6786CC-216D-45CB-B16B-30F7B13F82C5}.Debug|Any CPU.ActiveCfg = Debug|Any CPU
		{4B6786CC-216D-45CB-B16B-30F7B13F82C5}.Debug|Any CPU.Build.0 = Debug|Any CPU
		{4B6786CC-216D-45CB-B16B-30F7B13F82C5}.Release|Any CPU.ActiveCfg = Release|Any CPU
		{4B6786CC-216D-45CB-B16B-30F7B13F82C5}.Release|Any CPU.Build.0 = Release|Any CPU
		{933CD0B2-36C3-456D-8E8C-72313E1ACDC2}.Debug|Any CPU.ActiveCfg = Debug|Any CPU
		{933CD0B2-36C3-456D-8E8C-72313E1ACDC2}.Debug|Any CPU.Build.0 = Debug|Any CPU
		{933CD0B2-36C3-456D-8E8C-72313E1ACDC2}.Release|Any CPU.ActiveCfg = Release|Any CPU
		{933CD0B2-36C3-456D-8E8C-72313E1ACDC2}.Release|Any CPU.Build.0 = Release|Any CPU
		{EE05F027-FCAB-4D0F-82A6-4AC796716C9D}.Debug|Any CPU.ActiveCfg = Debug|Any CPU
		{EE05F027-FCAB-4D0F-82A6-4AC796716C9D}.Debug|Any CPU.Build.0 = Debug|Any CPU
		{EE05F027-FCAB-4D0F-82A6-4AC796716C9D}.Release|Any CPU.ActiveCfg = Release|Any CPU
		{EE05F027-FCAB-4D0F-82A6-4AC796716C9D}.Release|Any CPU.Build.0 = Release|Any CPU
		{DBECE481-FA05-4978-B1F4-5B5ACB6154B3}.Debug|Any CPU.ActiveCfg = Debug|Any CPU
		{DBECE481-FA05-4978-B1F4-5B5ACB6154B3}.Debug|Any CPU.Build.0 = Debug|Any CPU
		{DBECE481-FA05-4978-B1F4-5B5ACB6154B3}.Release|Any CPU.ActiveCfg = Release|Any CPU
		{DBECE481-FA05-4978-B1F4-5B5ACB6154B3}.Release|Any CPU.Build.0 = Release|Any CPU
		{A0DC2601-21AC-402C-911C-99B7FC1C5871}.Debug|Any CPU.ActiveCfg = Debug|Any CPU
		{A0DC2601-21AC-402C-911C-99B7FC1C5871}.Debug|Any CPU.Build.0 = Debug|Any CPU
		{A0DC2601-21AC-402C-911C-99B7FC1C5871}.Release|Any CPU.ActiveCfg = Release|Any CPU
		{A0DC2601-21AC-402C-911C-99B7FC1C5871}.Release|Any CPU.Build.0 = Release|Any CPU
		{BD6636DA-E55E-4C7B-828F-8031664BBE96}.Debug|Any CPU.ActiveCfg = Debug|Any CPU
		{BD6636DA-E55E-4C7B-828F-8031664BBE96}.Debug|Any CPU.Build.0 = Debug|Any CPU
		{BD6636DA-E55E-4C7B-828F-8031664BBE96}.Release|Any CPU.ActiveCfg = Release|Any CPU
		{BD6636DA-E55E-4C7B-828F-8031664BBE96}.Release|Any CPU.Build.0 = Release|Any CPU
		{7E76ED05-B8AD-43F1-AD65-ABFB63085ABA}.Debug|Any CPU.ActiveCfg = Debug|Any CPU
		{7E76ED05-B8AD-43F1-AD65-ABFB63085ABA}.Debug|Any CPU.Build.0 = Debug|Any CPU
		{7E76ED05-B8AD-43F1-AD65-ABFB63085ABA}.Release|Any CPU.ActiveCfg = Release|Any CPU
		{7E76ED05-B8AD-43F1-AD65-ABFB63085ABA}.Release|Any CPU.Build.0 = Release|Any CPU
		{D001964E-80B9-46AE-9162-250DC4BB26B3}.Debug|Any CPU.ActiveCfg = Debug|Any CPU
		{D001964E-80B9-46AE-9162-250DC4BB26B3}.Debug|Any CPU.Build.0 = Debug|Any CPU
		{D001964E-80B9-46AE-9162-250DC4BB26B3}.Release|Any CPU.ActiveCfg = Release|Any CPU
		{D001964E-80B9-46AE-9162-250DC4BB26B3}.Release|Any CPU.Build.0 = Release|Any CPU
		{D920203C-B118-4CD3-95D3-B6E16CBCF0D3}.Debug|Any CPU.ActiveCfg = Debug|Any CPU
		{D920203C-B118-4CD3-95D3-B6E16CBCF0D3}.Debug|Any CPU.Build.0 = Debug|Any CPU
		{D920203C-B118-4CD3-95D3-B6E16CBCF0D3}.Release|Any CPU.ActiveCfg = Release|Any CPU
		{D920203C-B118-4CD3-95D3-B6E16CBCF0D3}.Release|Any CPU.Build.0 = Release|Any CPU
		{4F97B072-514B-42FF-BF9B-7AFF8135A02C}.Debug|Any CPU.ActiveCfg = Debug|Any CPU
		{4F97B072-514B-42FF-BF9B-7AFF8135A02C}.Debug|Any CPU.Build.0 = Debug|Any CPU
		{4F97B072-514B-42FF-BF9B-7AFF8135A02C}.Release|Any CPU.ActiveCfg = Release|Any CPU
		{4F97B072-514B-42FF-BF9B-7AFF8135A02C}.Release|Any CPU.Build.0 = Release|Any CPU
		{95FAE5E9-DB96-457F-B397-E30EE79B2403}.Debug|Any CPU.ActiveCfg = Debug|Any CPU
		{95FAE5E9-DB96-457F-B397-E30EE79B2403}.Debug|Any CPU.Build.0 = Debug|Any CPU
		{95FAE5E9-DB96-457F-B397-E30EE79B2403}.Release|Any CPU.ActiveCfg = Release|Any CPU
		{95FAE5E9-DB96-457F-B397-E30EE79B2403}.Release|Any CPU.Build.0 = Release|Any CPU
		{D88FB6BA-3992-4E4C-BC41-F7DA2FE1A061}.Debug|Any CPU.ActiveCfg = Debug|Any CPU
		{D88FB6BA-3992-4E4C-BC41-F7DA2FE1A061}.Debug|Any CPU.Build.0 = Debug|Any CPU
		{D88FB6BA-3992-4E4C-BC41-F7DA2FE1A061}.Release|Any CPU.ActiveCfg = Release|Any CPU
		{D88FB6BA-3992-4E4C-BC41-F7DA2FE1A061}.Release|Any CPU.Build.0 = Release|Any CPU
		{7FFAA659-9B38-4E86-98BF-42D3277A7FF8}.Debug|Any CPU.ActiveCfg = Debug|Any CPU
		{7FFAA659-9B38-4E86-98BF-42D3277A7FF8}.Debug|Any CPU.Build.0 = Debug|Any CPU
		{7FFAA659-9B38-4E86-98BF-42D3277A7FF8}.Release|Any CPU.ActiveCfg = Release|Any CPU
		{7FFAA659-9B38-4E86-98BF-42D3277A7FF8}.Release|Any CPU.Build.0 = Release|Any CPU
		{BE4FCE87-4404-4A24-B637-58757DFBB920}.Debug|Any CPU.ActiveCfg = Debug|Any CPU
		{BE4FCE87-4404-4A24-B637-58757DFBB920}.Debug|Any CPU.Build.0 = Debug|Any CPU
		{BE4FCE87-4404-4A24-B637-58757DFBB920}.Release|Any CPU.ActiveCfg = Release|Any CPU
		{BE4FCE87-4404-4A24-B637-58757DFBB920}.Release|Any CPU.Build.0 = Release|Any CPU
		{73975800-B7FB-4507-A604-CAAE01ADBBB0}.Debug|Any CPU.ActiveCfg = Debug|Any CPU
		{73975800-B7FB-4507-A604-CAAE01ADBBB0}.Debug|Any CPU.Build.0 = Debug|Any CPU
		{73975800-B7FB-4507-A604-CAAE01ADBBB0}.Release|Any CPU.ActiveCfg = Release|Any CPU
		{73975800-B7FB-4507-A604-CAAE01ADBBB0}.Release|Any CPU.Build.0 = Release|Any CPU
	EndGlobalSection
	GlobalSection(SolutionProperties) = preSolution
		HideSolutionNode = FALSE
	EndGlobalSection
	GlobalSection(ExtensibilityGlobals) = postSolution
		SolutionGuid = {D30BDE4F-98EC-4219-AF70-0DD7C5366EC4}
	EndGlobalSection
EndGlobal
